
Microsoft Visual Studio Solution File, Format Version 12.00
# Visual Studio Version 17
VisualStudioVersion = 17.6.33815.320
MinimumVisualStudioVersion = 10.0.40219.1
Project("{FAE04EC0-301F-11D3-BF4B-00C04F79EFBC}") = "SoapConsole", "SoapConsole\SoapConsole.csproj", "{7B83FD4A-2A71-4935-ABA4-E6B7BB686699}"
EndProject
Global
	GlobalSection(SolutionConfigurationPlatforms) = preSolution
		Debug|Any CPU = Debug|Any CPU
		Release|Any CPU = Release|Any CPU
	EndGlobalSection
	GlobalSection(ProjectConfigurationPlatforms) = postSolution
		{7B83FD4A-2A71-4935-ABA4-E6B7BB686699}.Debug|Any CPU.ActiveCfg = Debug|Any CPU
		{7B83FD4A-2A71-4935-ABA4-E6B7BB686699}.Debug|Any CPU.Build.0 = Debug|Any CPU
		{7B83FD4A-2A71-4935-ABA4-E6B7BB686699}.Release|Any CPU.ActiveCfg = Release|Any CPU
		{7B83FD4A-2A71-4935-ABA4-E6B7BB686699}.Release|Any CPU.Build.0 = Release|Any CPU
	EndGlobalSection
	GlobalSection(SolutionProperties) = preSolution
		HideSolutionNode = FALSE
	EndGlobalSection
	GlobalSection(ExtensibilityGlobals) = postSolution
		SolutionGuid = {97FBE134-DA48-4EDC-BD2D-7EE2B49D839D}
	EndGlobalSection
EndGlobal
