
Microsoft Visual Studio Solution File, Format Version 12.00
# Visual Studio Version 17
VisualStudioVersion = 17.6.33815.320
MinimumVisualStudioVersion = 10.0.40219.1
Project("{FAE04EC0-301F-11D3-BF4B-00C04F79EFBC}") = "soapApi", "soapApi\soapApi.csproj", "{B577E4BF-6403-470F-8CB1-E7B4D97E02D8}"
EndProject
Global
	GlobalSection(SolutionConfigurationPlatforms) = preSolution
		Debug|Any CPU = Debug|Any CPU
		Release|Any CPU = Release|Any CPU
	EndGlobalSection
	GlobalSection(ProjectConfigurationPlatforms) = postSolution
		{B577E4BF-6403-470F-8CB1-E7B4D97E02D8}.Debug|Any CPU.ActiveCfg = Debug|Any CPU
		{B577E4BF-6403-470F-8CB1-E7B4D97E02D8}.Debug|Any CPU.Build.0 = Debug|Any CPU
		{B577E4BF-6403-470F-8CB1-E7B4D97E02D8}.Release|Any CPU.ActiveCfg = Release|Any CPU
		{B577E4BF-6403-470F-8CB1-E7B4D97E02D8}.Release|Any CPU.Build.0 = Release|Any CPU
	EndGlobalSection
	GlobalSection(SolutionProperties) = preSolution
		HideSolutionNode = FALSE
	EndGlobalSection
	GlobalSection(ExtensibilityGlobals) = postSolution
		SolutionGuid = {4EE5019E-E60A-4716-92C3-5B5863549957}
	EndGlobalSection
EndGlobal
