
Microsoft Visual Studio Solution File, Format Version 12.00
# Visual Studio Version 17
VisualStudioVersion = 17.6.33815.320
MinimumVisualStudioVersion = 10.0.40219.1
Project("{FAE04EC0-301F-11D3-BF4B-00C04F79EFBC}") = "SoapExport", "SoapExport\SoapExport.csproj", "{BD112685-2149-48C5-9659-37225903D0E1}"
EndProject
Global
	GlobalSection(SolutionConfigurationPlatforms) = preSolution
		Debug|Any CPU = Debug|Any CPU
		Release|Any CPU = Release|Any CPU
	EndGlobalSection
	GlobalSection(ProjectConfigurationPlatforms) = postSolution
		{BD112685-2149-48C5-9659-37225903D0E1}.Debug|Any CPU.ActiveCfg = Debug|Any CPU
		{BD112685-2149-48C5-9659-37225903D0E1}.Debug|Any CPU.Build.0 = Debug|Any CPU
		{BD112685-2149-48C5-9659-37225903D0E1}.Release|Any CPU.ActiveCfg = Release|Any CPU
		{BD112685-2149-48C5-9659-37225903D0E1}.Release|Any CPU.Build.0 = Release|Any CPU
	EndGlobalSection
	GlobalSection(SolutionProperties) = preSolution
		HideSolutionNode = FALSE
	EndGlobalSection
	GlobalSection(ExtensibilityGlobals) = postSolution
		SolutionGuid = {65A5B17F-18B1-475F-8C27-C38D7A865647}
	EndGlobalSection
EndGlobal
